PODS:
  - ModelToDictionary (1.1.7)

DEPENDENCIES:
  - ModelToDictionary (~> 1.1.7)

SPEC REPOS:
  https://github.com/cocoapods/specs.git:
    - ModelToDictionary

SPEC CHECKSUMS:
  ModelToDictionary: f1c44e27ef45d7c9be692672ef23de14a5932993

PODFILE CHECKSUM: 08320e9bf7ef9aced92b42839e49cd9bee26dfbd

COCOAPODS: 1.7.0
