PODS:
  - ModelToDictionary (1.1.4)

DEPENDENCIES:
  - ModelToDictionary (~> 1.1.4)

SPEC REPOS:
  https://github.com/cocoapods/specs.git:
    - ModelToDictionary

SPEC CHECKSUMS:
  ModelToDictionary: 29226bb836f8dd7d11157162ba66fd90ebe5139d

PODFILE CHECKSUM: afab5bd380bd45f7b20c76e6dcee3214fe0a2edc

COCOAPODS: 1.7.0
